Microsoft Visual Studio Solution File, Format Version 12.00
# Visual Studio Version 17
VisualStudioVersion = 17.7.34024.191
MinimumVisualStudioVersion = 10.0.40219.1
Project("{9A19103F-16F7-4668-BE54-9A1E7A4F7556}") = "Wpf", "Wpf\Wpf.csproj", "{0F65348F-F819-43D4-9BBF-96154181BB0F}"
EndProject
Project("{FAE04EC0-301F-11D3-BF4B-00C04F79EFBC}") = "App", "App\App.csproj", "{87D8B794-9A42-4AAA-9E2A-28AF4AB65719}"
EndProject
Global
	GlobalSection(SolutionConfigurationPlatforms) = preSolution
		Debug|Any CPU = Debug|Any CPU
		Release|Any CPU = Release|Any CPU
	EndGlobalSection
	GlobalSection(ProjectConfigurationPlatforms) = postSolution
		{0F65348F-F819-43D4-9BBF-96154181BB0F}.Debug|Any CPU.ActiveCfg = Debug|Any CPU
		{0F65348F-F819-43D4-9BBF-96154181BB0F}.Debug|Any CPU.Build.0 = Debug|Any CPU
		{0F65348F-F819-43D4-9BBF-96154181BB0F}.Release|Any CPU.ActiveCfg = Release|Any CPU
		{0F65348F-F819-43D4-9BBF-96154181BB0F}.Release|Any CPU.Build.0 = Release|Any CPU
		{87D8B794-9A42-4AAA-9E2A-28AF4AB65719}.Debug|Any CPU.ActiveCfg = Debug|Any CPU
		{87D8B794-9A42-4AAA-9E2A-28AF4AB65719}.Debug|Any CPU.Build.0 = Debug|Any CPU
		{87D8B794-9A42-4AAA-9E2A-28AF4AB65719}.Release|Any CPU.ActiveCfg = Release|Any CPU
		{87D8B794-9A42-4AAA-9E2A-28AF4AB65719}.Release|Any CPU.Build.0 = Release|Any CPU
	EndGlobalSection
	GlobalSection(SolutionProperties) = preSolution
		HideSolutionNode = FALSE
	EndGlobalSection
	GlobalSection(ExtensibilityGlobals) = postSolution
		SolutionGuid = {282DE104-E385-48B9-B09F-A9D148E41E96}
	EndGlobalSection
EndGlobal
